<?xml version="1.0" encoding="utf-8"?>
<Project ToolsVersion="4.0" xmlns="http://schemas.microsoft.com/developer/msbuild/2003">
  <ItemGroup>
    <Filter Include="リソース ファイル">
      <UniqueIdentifier>{67DA6AB6-F800-4c08-8B7A-83BB121AAD01}</UniqueIdentifier>
      <Extensions>rc;ico;cur;bmp;dlg;rc2;rct;bin;rgs;gif;jpg;jpeg;jpe;resx;tiff;tif;png;wav;mfcribbon-ms</Extensions>
    </Filter>
    <Filter Include="Base">
      <UniqueIdentifier>{4FC737F1-C7A5-4376-A066-2A32D752A2FF}</UniqueIdentifier>
      <Extensions>cpp;c;cc;cxx;c++;def;odl;idl;hpj;bat;asm;asmx</Extensions>
    </Filter>
    <Filter Include="UI">
      <UniqueIdentifier>{8435760d-a77e-4112-bd1f-d16d26f8050d}</UniqueIdentifier>
    </Filter>
  </ItemGroup>
  <ItemGroup>
    <ClCompile Include="source\ApplicationMain.cpp">
      <Filter>Base</Filter>
    </ClCompile>
    <ClCompile Include="source\ModeGame.cpp">
      <Filter>Base</Filter>
    </ClCompile>
    <ClCompile Include="source\ModeTitle.cpp">
      <Filter>Base</Filter>
    </ClCompile>
    <ClCompile Include="source\MazeStage.cpp">
      <Filter>Base</Filter>
    </ClCompile>
    <ClCompile Include="source\UI\UI2DSelectBase.cpp">
      <Filter>UI</Filter>
    </ClCompile>
    <ClCompile Include="source\UI\UI2DBase.cpp">
      <Filter>UI</Filter>
    </ClCompile>
    <ClCompile Include="source\ModeClear.cpp">
      <Filter>Base</Filter>
    </ClCompile>
    <ClCompile Include="source\UI\UIPopUp.cpp">
      <Filter>UI</Filter>
    </ClCompile>
  </ItemGroup>
  <ItemGroup>
    <ClInclude Include="source\ModeTitle.h">
      <Filter>Base</Filter>
    </ClInclude>
    <ClInclude Include="source\ModeGame.h">
      <Filter>Base</Filter>
    </ClInclude>
    <ClInclude Include="source\MazeStage.h">
      <Filter>Base</Filter>
    </ClInclude>
    <ClInclude Include="source\ApplicationMain.h">
      <Filter>Base</Filter>
    </ClInclude>
    <ClInclude Include="source\UI\UI2DSelectBase.h">
      <Filter>UI</Filter>
    </ClInclude>
    <ClInclude Include="source\UI\UI2DBase.h">
      <Filter>UI</Filter>
    </ClInclude>
    <ClInclude Include="source\ModeClear.h">
      <Filter>Base</Filter>
    </ClInclude>
    <ClInclude Include="source\UI\UIPopUp.h">
      <Filter>UI</Filter>
    </ClInclude>
  </ItemGroup>
</Project>